{
  "R": {
    "Version": "4.4.1",
    "Repositories": [
      {
        "Name": "CRAN",
        "URL": "https://cloud.r-project.org"
      }
    ]
  },
  "Packages": {
    "jaspesci": {
      "Package": "jaspesci",
      "Version": "0.1.0_Local_JASP",
      "Source": "Local",
      "RemoteType": "local",
      "RemoteUrl": "C:/Users/rcalinjageman/Documents/GitHub/jaspesci",
      "Cacheable": true,
      "Hash": "09b26af5330f3e26f2981250b407075e"
    }
  }
}
